<?xml version="1.0" encoding="utf-8"?>
<Project ToolsVersion="4.0" xmlns="http://schemas.microsoft.com/developer/msbuild/2003">
  <ItemGroup>
    <Filter Include="Source Files">
      <UniqueIdentifier>{4FC737F1-C7A5-4376-A066-2A32D752A2FF}</UniqueIdentifier>
      <Extensions>cpp;c;cc;cxx;c++;cppm;ixx;def;odl;idl;hpj;bat;asm;asmx</Extensions>
    </Filter>
    <Filter Include="Header Files">
      <UniqueIdentifier>{93995380-89BD-4b04-88EB-625FBE52EBFB}</UniqueIdentifier>
      <Extensions>h;hh;hpp;hxx;h++;hm;inl;inc;ipp;xsd</Extensions>
    </Filter>
    <Filter Include="Resource Files">
      <UniqueIdentifier>{67DA6AB6-F800-4c08-8B7A-83BB121AAD01}</UniqueIdentifier>
      <Extensions>rc;ico;cur;bmp;dlg;rc2;rct;bin;rgs;gif;jpg;jpeg;jpe;resx;tiff;tif;png;wav;mfcribbon-ms</Extensions>
    </Filter>
  </ItemGroup>
  <ItemGroup>
    <ClInclude Include="framework.h">
      <Filter>Header Files</Filter>
    </ClInclude>
    <ClInclude Include="targetver.h">
      <Filter>Header Files</Filter>
    </ClInclude>
    <ClInclude Include="Resource.h">
      <Filter>Header Files</Filter>
    </ClInclude>
    <ClInclude Include="MeowMeow.h">
      <Filter>Header Files</Filter>
    </ClInclude>
    <ClInclude Include="Framework\controllers\LevelController.h">
      <Filter>Header Files</Filter>
    </ClInclude>
    <ClInclude Include="Framework\controllers\SplashController.h">
      <Filter>Header Files</Filter>
    </ClInclude>
    <ClInclude Include="Framework\interfaces\Animatable.h">
      <Filter>Header Files</Filter>
    </ClInclude>
    <ClInclude Include="Framework\interfaces\BundleManager.h">
      <Filter>Header Files</Filter>
    </ClInclude>
    <ClInclude Include="Framework\interfaces\Controller.h">
      <Filter>Header Files</Filter>
    </ClInclude>
    <ClInclude Include="Framework\interfaces\Disposable.h">
      <Filter>Header Files</Filter>
    </ClInclude>
    <ClInclude Include="Framework\interfaces\EventHandler.h">
      <Filter>Header Files</Filter>
    </ClInclude>
    <ClInclude Include="Framework\interfaces\Layoutable.h">
      <Filter>Header Files</Filter>
    </ClInclude>
    <ClInclude Include="Framework\interfaces\Presentable.h">
      <Filter>Header Files</Filter>
    </ClInclude>
    <ClInclude Include="Framework\interfaces\Scene.h">
      <Filter>Header Files</Filter>
    </ClInclude>
    <ClInclude Include="Framework\interfaces\TypeDefs.h">
      <Filter>Header Files</Filter>
    </ClInclude>
    <ClInclude Include="Framework\primitives\LevelMap.h">
      <Filter>Header Files</Filter>
    </ClInclude>
    <ClInclude Include="Framework\primitives\LevelRealm.h">
      <Filter>Header Files</Filter>
    </ClInclude>
    <ClInclude Include="Framework\primitives\Screen.h">
      <Filter>Header Files</Filter>
    </ClInclude>
    <ClInclude Include="Framework\primitives\SpriteObject.h">
      <Filter>Header Files</Filter>
    </ClInclude>
    <ClInclude Include="Framework\primitives\SpriteSet.h">
      <Filter>Header Files</Filter>
    </ClInclude>
    <ClInclude Include="Framework\scenes\LevelScene.h">
      <Filter>Header Files</Filter>
    </ClInclude>
    <ClInclude Include="Framework\services\LevelManager.h">
      <Filter>Header Files</Filter>
    </ClInclude>
    <ClInclude Include="Framework\services\ResourceManager.h">
      <Filter>Header Files</Filter>
    </ClInclude>
    <ClInclude Include="Framework\services\SpriteManager.h">
      <Filter>Header Files</Filter>
    </ClInclude>
    <ClInclude Include="Framework\ui\SceneController.h">
      <Filter>Header Files</Filter>
    </ClInclude>
    <ClInclude Include="Framework\utils\Array.h">
      <Filter>Header Files</Filter>
    </ClInclude>
    <ClInclude Include="Framework\utils\Math.h">
      <Filter>Header Files</Filter>
    </ClInclude>
    <ClInclude Include="Framework\Application.h">
      <Filter>Header Files</Filter>
    </ClInclude>
    <ClInclude Include="Framework\Container.h">
      <Filter>Header Files</Filter>
    </ClInclude>
    <ClInclude Include="Framework\utils\Debug.h">
      <Filter>Header Files</Filter>
    </ClInclude>
    <ClInclude Include="Framework\interfaces\Platform.h">
      <Filter>Header Files</Filter>
    </ClInclude>
    <ClInclude Include="PlatformWinNT.h">
      <Filter>Header Files</Filter>
    </ClInclude>
  </ItemGroup>
  <ItemGroup>
    <ClCompile Include="MeowMeow.cpp">
      <Filter>Source Files</Filter>
    </ClCompile>
    <ClCompile Include="Framework\controllers\LevelController.cpp">
      <Filter>Source Files</Filter>
    </ClCompile>
    <ClCompile Include="Framework\controllers\SplashController.cpp">
      <Filter>Source Files</Filter>
    </ClCompile>
    <ClCompile Include="Framework\primitives\LevelMap.cpp">
      <Filter>Source Files</Filter>
    </ClCompile>
    <ClCompile Include="Framework\primitives\LevelRealm.cpp">
      <Filter>Source Files</Filter>
    </ClCompile>
    <ClCompile Include="Framework\primitives\Screen.cpp">
      <Filter>Source Files</Filter>
    </ClCompile>
    <ClCompile Include="Framework\primitives\SpriteObject.cpp">
      <Filter>Source Files</Filter>
    </ClCompile>
    <ClCompile Include="Framework\primitives\SpriteSet.cpp">
      <Filter>Source Files</Filter>
    </ClCompile>
    <ClCompile Include="Framework\scenes\LevelScene.cpp">
      <Filter>Source Files</Filter>
    </ClCompile>
    <ClCompile Include="Framework\services\LevelManager.cpp">
      <Filter>Source Files</Filter>
    </ClCompile>
    <ClCompile Include="Framework\services\ResourceManager.cpp">
      <Filter>Source Files</Filter>
    </ClCompile>
    <ClCompile Include="Framework\services\SpriteManager.cpp">
      <Filter>Source Files</Filter>
    </ClCompile>
    <ClCompile Include="Framework\ui\SceneController.cpp">
      <Filter>Source Files</Filter>
    </ClCompile>
    <ClCompile Include="Framework\Application.cpp">
      <Filter>Source Files</Filter>
    </ClCompile>
    <ClCompile Include="Framework\Container.cpp">
      <Filter>Source Files</Filter>
    </ClCompile>
    <ClCompile Include="Framework\utils\Debug.cpp">
      <Filter>Source Files</Filter>
    </ClCompile>
    <ClCompile Include="PlatformWinNT.cpp">
      <Filter>Source Files</Filter>
    </ClCompile>
  </ItemGroup>
  <ItemGroup>
    <ResourceCompile Include="MeowMeow.rc">
      <Filter>Resource Files</Filter>
    </ResourceCompile>
  </ItemGroup>
  <ItemGroup>
    <Image Include="small.ico">
      <Filter>Resource Files</Filter>
    </Image>
    <Image Include="MeowMeow.ico">
      <Filter>Resource Files</Filter>
    </Image>
  </ItemGroup>
</Project>